
Microsoft Visual Studio Solution File, Format Version 12.00
# Visual Studio Version 17
VisualStudioVersion = 17.2.32616.157
MinimumVisualStudioVersion = 10.0.40219.1
Project("{FAE04EC0-301F-11D3-BF4B-00C04F79EFBC}") = "Entities", "Entities\Entities.csproj", "{BECAC262-DE69-44CC-AEDC-A5383D648092}"
EndProject
Project("{FAE04EC0-301F-11D3-BF4B-00C04F79EFBC}") = "DataAccess", "DataAccess\DataAccess.csproj", "{072F2423-8AF0-46F0-8D96-786BAE5B74FA}"
EndProject
Project("{FAE04EC0-301F-11D3-BF4B-00C04F79EFBC}") = "Business", "Business\Business.csproj", "{7CF0A777-30A6-4654-8786-1A011B4CA6ED}"
EndProject
Project("{FAE04EC0-301F-11D3-BF4B-00C04F79EFBC}") = "ConsoleUI", "ConsoleUI\ConsoleUI.csproj", "{9F926173-9862-4638-9CD3-0C73AA5E745C}"
EndProject
Global
	GlobalSection(SolutionConfigurationPlatforms) = preSolution
		Debug|Any CPU = Debug|Any CPU
		Release|Any CPU = Release|Any CPU
	EndGlobalSection
	GlobalSection(ProjectConfigurationPlatforms) = postSolution
		{BECAC262-DE69-44CC-AEDC-A5383D648092}.Debug|Any CPU.ActiveCfg = Debug|Any CPU
		{BECAC262-DE69-44CC-AEDC-A5383D648092}.Debug|Any CPU.Build.0 = Debug|Any CPU
		{BECAC262-DE69-44CC-AEDC-A5383D648092}.Release|Any CPU.ActiveCfg = Release|Any CPU
		{BECAC262-DE69-44CC-AEDC-A5383D648092}.Release|Any CPU.Build.0 = Release|Any CPU
		{072F2423-8AF0-46F0-8D96-786BAE5B74FA}.Debug|Any CPU.ActiveCfg = Debug|Any CPU
		{072F2423-8AF0-46F0-8D96-786BAE5B74FA}.Debug|Any CPU.Build.0 = Debug|Any CPU
		{072F2423-8AF0-46F0-8D96-786BAE5B74FA}.Release|Any CPU.ActiveCfg = Release|Any CPU
		{072F2423-8AF0-46F0-8D96-786BAE5B74FA}.Release|Any CPU.Build.0 = Release|Any CPU
		{7CF0A777-30A6-4654-8786-1A011B4CA6ED}.Debug|Any CPU.ActiveCfg = Debug|Any CPU
		{7CF0A777-30A6-4654-8786-1A011B4CA6ED}.Debug|Any CPU.Build.0 = Debug|Any CPU
		{7CF0A777-30A6-4654-8786-1A011B4CA6ED}.Release|Any CPU.ActiveCfg = Release|Any CPU
		{7CF0A777-30A6-4654-8786-1A011B4CA6ED}.Release|Any CPU.Build.0 = Release|Any CPU
		{9F926173-9862-4638-9CD3-0C73AA5E745C}.Debug|Any CPU.ActiveCfg = Debug|Any CPU
		{9F926173-9862-4638-9CD3-0C73AA5E745C}.Debug|Any CPU.Build.0 = Debug|Any CPU
		{9F926173-9862-4638-9CD3-0C73AA5E745C}.Release|Any CPU.ActiveCfg = Release|Any CPU
		{9F926173-9862-4638-9CD3-0C73AA5E745C}.Release|Any CPU.Build.0 = Release|Any CPU
	EndGlobalSection
	GlobalSection(SolutionProperties) = preSolution
		HideSolutionNode = FALSE
	EndGlobalSection
	GlobalSection(ExtensibilityGlobals) = postSolution
		SolutionGuid = {56337F4A-F16B-492D-9AC1-EC97BDB5D56D}
	EndGlobalSection
EndGlobal
